
Microsoft Visual Studio Solution File, Format Version 12.00
# Visual Studio Version 17
VisualStudioVersion = 17.0.31903.59
MinimumVisualStudioVersion = 10.0.40219.1
Project("{FAE04EC0-301F-11D3-BF4B-00C04F79EFBC}") = "BbongCore", "BbongCore\BbongCore.csproj", "{4A0DDA79-EBE4-4A4F-A271-6B53B3A933AF}"
EndProject
Project("{FAE04EC0-301F-11D3-BF4B-00C04F79EFBC}") = "BbongCore.Tests", "BbongCore.Tests\BbongCore.Tests.csproj", "{4DFA1DF7-4D2A-467F-9C3D-7791DAA2019D}"
EndProject
Global
	GlobalSection(SolutionConfigurationPlatforms) = preSolution
		Debug|Any CPU = Debug|Any CPU
		Release|Any CPU = Release|Any CPU
	EndGlobalSection
	GlobalSection(SolutionProperties) = preSolution
		HideSolutionNode = FALSE
	EndGlobalSection
	GlobalSection(ProjectConfigurationPlatforms) = postSolution
		{4A0DDA79-EBE4-4A4F-A271-6B53B3A933AF}.Debug|Any CPU.ActiveCfg = Debug|Any CPU
		{4A0DDA79-EBE4-4A4F-A271-6B53B3A933AF}.Debug|Any CPU.Build.0 = Debug|Any CPU
		{4A0DDA79-EBE4-4A4F-A271-6B53B3A933AF}.Release|Any CPU.ActiveCfg = Release|Any CPU
		{4A0DDA79-EBE4-4A4F-A271-6B53B3A933AF}.Release|Any CPU.Build.0 = Release|Any CPU
		{4DFA1DF7-4D2A-467F-9C3D-7791DAA2019D}.Debug|Any CPU.ActiveCfg = Debug|Any CPU
		{4DFA1DF7-4D2A-467F-9C3D-7791DAA2019D}.Debug|Any CPU.Build.0 = Debug|Any CPU
		{4DFA1DF7-4D2A-467F-9C3D-7791DAA2019D}.Release|Any CPU.ActiveCfg = Release|Any CPU
		{4DFA1DF7-4D2A-467F-9C3D-7791DAA2019D}.Release|Any CPU.Build.0 = Release|Any CPU
	EndGlobalSection
EndGlobal
